
Microsoft Visual Studio Solution File, Format Version 12.00
# Visual Studio 15
VisualStudioVersion = 15.0.26228.12
MinimumVisualStudioVersion = 10.0.40219.1
Project("{2150E333-8FDC-42A3-9474-1A3956D46DE8}") = "EntFrm.Framework", "EntFrm.Framework", "{AAD70B5F-0D13-4BD3-8C76-4FE61B8F5AFF}"
EndProject
Project("{FAE04EC0-301F-11D3-BF4B-00C04F79EFBC}") = "EntFrm.Framework.Utility", "EntFrm.Framework.Utility\EntFrm.Framework.Utility.csproj", "{EE7A6851-01F8-4201-9868-E48783C4E56C}"
EndProject
Project("{FAE04EC0-301F-11D3-BF4B-00C04F79EFBC}") = "EntFrm.Framework.Web", "EntFrm.Framework.Web\EntFrm.Framework.Web.csproj", "{4E7348E4-CF12-4472-9B14-0A901AB0BE27}"
EndProject
Project("{2150E333-8FDC-42A3-9474-1A3956D46DE8}") = "EntFrm.Web", "EntFrm.Web", "{CEB31A93-4402-4FBA-B6E5-A71B61E95006}"
EndProject
Project("{2150E333-8FDC-42A3-9474-1A3956D46DE8}") = "EntFrm.Tools", "EntFrm.Tools", "{6BEE83EA-70D1-4430-972B-BD174F0C976C}"
EndProject
Project("{2150E333-8FDC-42A3-9474-1A3956D46DE8}") = "EntFrm.Business", "EntFrm.Business", "{1C878924-2B9E-4374-AA45-BD1223FCC39A}"
EndProject
Project("{FAE04EC0-301F-11D3-BF4B-00C04F79EFBC}") = "EntFrm.Business.BLL", "EntFrm.Business.BLL\EntFrm.Business.BLL.csproj", "{0FE30493-6FA2-4156-B5D5-AEBC52817DFD}"
EndProject
Project("{FAE04EC0-301F-11D3-BF4B-00C04F79EFBC}") = "EntFrm.Business.DALFactory", "EntFrm.Business.DALFactory\EntFrm.Business.DALFactory.csproj", "{81FD66E7-ACBA-4EE6-A8F3-32D5E224378E}"
EndProject
Project("{FAE04EC0-301F-11D3-BF4B-00C04F79EFBC}") = "EntFrm.Business.IDAL", "EntFrm.Business.IDAL\EntFrm.Business.IDAL.csproj", "{11F18FA6-73AB-4ECB-8F4C-E74A47B7D77C}"
EndProject
Project("{FAE04EC0-301F-11D3-BF4B-00C04F79EFBC}") = "EntFrm.Business.Model", "EntFrm.Business.Model\EntFrm.Business.Model.csproj", "{4507534F-9825-4BFD-BD76-847601519CD3}"
EndProject
Project("{FAE04EC0-301F-11D3-BF4B-00C04F79EFBC}") = "EntFrm.Business.SQLServerDAL", "EntFrm.Business.SQLServerDAL\EntFrm.Business.SQLServerDAL.csproj", "{A6956125-300B-4279-9419-28D6EA453B1E}"
EndProject
Project("{FAE04EC0-301F-11D3-BF4B-00C04F79EFBC}") = "EntCodeGener", "EntCodeGener\EntCodeGener.csproj", "{97C5B4A3-C2FB-4EF1-AB02-C37D0E680ED1}"
EndProject
Project("{FAE04EC0-301F-11D3-BF4B-00C04F79EFBC}") = "EntWeb.ECharts", "EntFrm.ECharts\EntWeb.ECharts.csproj", "{653DE17A-F178-46F8-8E47-2D7586883E32}"
EndProject
Project("{FAE04EC0-301F-11D3-BF4B-00C04F79EFBC}") = "EntWeb.BkConsole", "EntWeb.BkConsole\EntWeb.BkConsole.csproj", "{A0CB0D6F-8B54-40F4-8BE3-6828AF824FDA}"
EndProject
Project("{2150E333-8FDC-42A3-9474-1A3956D46DE8}") = "EntFrm.Platform", "EntFrm.Platform", "{A091135E-0895-4933-81A3-C060C15A1231}"
EndProject
Project("{FAE04EC0-301F-11D3-BF4B-00C04F79EFBC}") = "EntFrm.MainService", "EntFrm.MainService\EntFrm.MainService.csproj", "{11713694-A309-4881-982D-7C7A0E4FD31B}"
EndProject
Project("{FAE04EC0-301F-11D3-BF4B-00C04F79EFBC}") = "EntFrm.SettingConsole", "EntFrm.SettingConsole\EntFrm.SettingConsole.csproj", "{1BF4FA67-7344-4E99-A3DB-5928A8077695}"
EndProject
Project("{FAE04EC0-301F-11D3-BF4B-00C04F79EFBC}") = "EntFrm.CallerConsole", "EntFrm.CallerConsole\EntFrm.CallerConsole.csproj", "{FB9367F7-96E6-4DDC-8A33-218266FAB68C}"
EndProject
Project("{FAE04EC0-301F-11D3-BF4B-00C04F79EFBC}") = "EntFrm.DataAdapter", "EntFrm.DataAdapter\EntFrm.DataAdapter.csproj", "{8C59004E-C997-4F58-9B6F-ADDC976F4B6D}"
EndProject
Project("{FAE04EC0-301F-11D3-BF4B-00C04F79EFBC}") = "EntFrm.FormDesinger", "EntFrm.FormDesigner\EntFrm.FormDesinger.csproj", "{03DF5694-BC60-4030-B66E-0304F0A63059}"
EndProject
Project("{FAE04EC0-301F-11D3-BF4B-00C04F79EFBC}") = "EntFrm.TicketConsole", "EntFrm.TicketConsole\EntFrm.TicketConsole.csproj", "{35EAA11D-E090-417C-B526-B0C69E064310}"
EndProject
Global
	GlobalSection(SolutionConfigurationPlatforms) = preSolution
		Debug|Any CPU = Debug|Any CPU
		Debug|Mixed Platforms = Debug|Mixed Platforms
		Debug|x86 = Debug|x86
		Release|Any CPU = Release|Any CPU
		Release|Mixed Platforms = Release|Mixed Platforms
		Release|x86 = Release|x86
	EndGlobalSection
	GlobalSection(ProjectConfigurationPlatforms) = postSolution
		{EE7A6851-01F8-4201-9868-E48783C4E56C}.Debug|Any CPU.ActiveCfg = Debug|Any CPU
		{EE7A6851-01F8-4201-9868-E48783C4E56C}.Debug|Any CPU.Build.0 = Debug|Any CPU
		{EE7A6851-01F8-4201-9868-E48783C4E56C}.Debug|Mixed Platforms.ActiveCfg = Debug|Any CPU
		{EE7A6851-01F8-4201-9868-E48783C4E56C}.Debug|Mixed Platforms.Build.0 = Debug|Any CPU
		{EE7A6851-01F8-4201-9868-E48783C4E56C}.Debug|x86.ActiveCfg = Debug|Any CPU
		{EE7A6851-01F8-4201-9868-E48783C4E56C}.Release|Any CPU.ActiveCfg = Release|Any CPU
		{EE7A6851-01F8-4201-9868-E48783C4E56C}.Release|Any CPU.Build.0 = Release|Any CPU
		{EE7A6851-01F8-4201-9868-E48783C4E56C}.Release|Mixed Platforms.ActiveCfg = Release|Any CPU
		{EE7A6851-01F8-4201-9868-E48783C4E56C}.Release|Mixed Platforms.Build.0 = Release|Any CPU
		{EE7A6851-01F8-4201-9868-E48783C4E56C}.Release|x86.ActiveCfg = Release|Any CPU
		{4E7348E4-CF12-4472-9B14-0A901AB0BE27}.Debug|Any CPU.ActiveCfg = Debug|Any CPU
		{4E7348E4-CF12-4472-9B14-0A901AB0BE27}.Debug|Any CPU.Build.0 = Debug|Any CPU
		{4E7348E4-CF12-4472-9B14-0A901AB0BE27}.Debug|Mixed Platforms.ActiveCfg = Debug|Any CPU
		{4E7348E4-CF12-4472-9B14-0A901AB0BE27}.Debug|Mixed Platforms.Build.0 = Debug|Any CPU
		{4E7348E4-CF12-4472-9B14-0A901AB0BE27}.Debug|x86.ActiveCfg = Debug|Any CPU
		{4E7348E4-CF12-4472-9B14-0A901AB0BE27}.Release|Any CPU.ActiveCfg = Release|Any CPU
		{4E7348E4-CF12-4472-9B14-0A901AB0BE27}.Release|Any CPU.Build.0 = Release|Any CPU
		{4E7348E4-CF12-4472-9B14-0A901AB0BE27}.Release|Mixed Platforms.ActiveCfg = Release|Any CPU
		{4E7348E4-CF12-4472-9B14-0A901AB0BE27}.Release|Mixed Platforms.Build.0 = Release|Any CPU
		{4E7348E4-CF12-4472-9B14-0A901AB0BE27}.Release|x86.ActiveCfg = Release|Any CPU
		{0FE30493-6FA2-4156-B5D5-AEBC52817DFD}.Debug|Any CPU.ActiveCfg = Debug|Any CPU
		{0FE30493-6FA2-4156-B5D5-AEBC52817DFD}.Debug|Any CPU.Build.0 = Debug|Any CPU
		{0FE30493-6FA2-4156-B5D5-AEBC52817DFD}.Debug|Mixed Platforms.ActiveCfg = Debug|Any CPU
		{0FE30493-6FA2-4156-B5D5-AEBC52817DFD}.Debug|Mixed Platforms.Build.0 = Debug|Any CPU
		{0FE30493-6FA2-4156-B5D5-AEBC52817DFD}.Debug|x86.ActiveCfg = Debug|Any CPU
		{0FE30493-6FA2-4156-B5D5-AEBC52817DFD}.Release|Any CPU.ActiveCfg = Release|Any CPU
		{0FE30493-6FA2-4156-B5D5-AEBC52817DFD}.Release|Any CPU.Build.0 = Release|Any CPU
		{0FE30493-6FA2-4156-B5D5-AEBC52817DFD}.Release|Mixed Platforms.ActiveCfg = Release|Any CPU
		{0FE30493-6FA2-4156-B5D5-AEBC52817DFD}.Release|Mixed Platforms.Build.0 = Release|Any CPU
		{0FE30493-6FA2-4156-B5D5-AEBC52817DFD}.Release|x86.ActiveCfg = Release|Any CPU
		{81FD66E7-ACBA-4EE6-A8F3-32D5E224378E}.Debug|Any CPU.ActiveCfg = Debug|Any CPU
		{81FD66E7-ACBA-4EE6-A8F3-32D5E224378E}.Debug|Any CPU.Build.0 = Debug|Any CPU
		{81FD66E7-ACBA-4EE6-A8F3-32D5E224378E}.Debug|Mixed Platforms.ActiveCfg = Debug|Any CPU
		{81FD66E7-ACBA-4EE6-A8F3-32D5E224378E}.Debug|Mixed Platforms.Build.0 = Debug|Any CPU
		{81FD66E7-ACBA-4EE6-A8F3-32D5E224378E}.Debug|x86.ActiveCfg = Debug|Any CPU
		{81FD66E7-ACBA-4EE6-A8F3-32D5E224378E}.Release|Any CPU.ActiveCfg = Release|Any CPU
		{81FD66E7-ACBA-4EE6-A8F3-32D5E224378E}.Release|Any CPU.Build.0 = Release|Any CPU
		{81FD66E7-ACBA-4EE6-A8F3-32D5E224378E}.Release|Mixed Platforms.ActiveCfg = Release|Any CPU
		{81FD66E7-ACBA-4EE6-A8F3-32D5E224378E}.Release|Mixed Platforms.Build.0 = Release|Any CPU
		{81FD66E7-ACBA-4EE6-A8F3-32D5E224378E}.Release|x86.ActiveCfg = Release|Any CPU
		{11F18FA6-73AB-4ECB-8F4C-E74A47B7D77C}.Debug|Any CPU.ActiveCfg = Debug|Any CPU
		{11F18FA6-73AB-4ECB-8F4C-E74A47B7D77C}.Debug|Any CPU.Build.0 = Debug|Any CPU
		{11F18FA6-73AB-4ECB-8F4C-E74A47B7D77C}.Debug|Mixed Platforms.ActiveCfg = Debug|Any CPU
		{11F18FA6-73AB-4ECB-8F4C-E74A47B7D77C}.Debug|Mixed Platforms.Build.0 = Debug|Any CPU
		{11F18FA6-73AB-4ECB-8F4C-E74A47B7D77C}.Debug|x86.ActiveCfg = Debug|Any CPU
		{11F18FA6-73AB-4ECB-8F4C-E74A47B7D77C}.Release|Any CPU.ActiveCfg = Release|Any CPU
		{11F18FA6-73AB-4ECB-8F4C-E74A47B7D77C}.Release|Any CPU.Build.0 = Release|Any CPU
		{11F18FA6-73AB-4ECB-8F4C-E74A47B7D77C}.Release|Mixed Platforms.ActiveCfg = Release|Any CPU
		{11F18FA6-73AB-4ECB-8F4C-E74A47B7D77C}.Release|Mixed Platforms.Build.0 = Release|Any CPU
		{11F18FA6-73AB-4ECB-8F4C-E74A47B7D77C}.Release|x86.ActiveCfg = Release|Any CPU
		{4507534F-9825-4BFD-BD76-847601519CD3}.Debug|Any CPU.ActiveCfg = Debug|Any CPU
		{4507534F-9825-4BFD-BD76-847601519CD3}.Debug|Any CPU.Build.0 = Debug|Any CPU
		{4507534F-9825-4BFD-BD76-847601519CD3}.Debug|Mixed Platforms.ActiveCfg = Debug|Any CPU
		{4507534F-9825-4BFD-BD76-847601519CD3}.Debug|Mixed Platforms.Build.0 = Debug|Any CPU
		{4507534F-9825-4BFD-BD76-847601519CD3}.Debug|x86.ActiveCfg = Debug|Any CPU
		{4507534F-9825-4BFD-BD76-847601519CD3}.Release|Any CPU.ActiveCfg = Release|Any CPU
		{4507534F-9825-4BFD-BD76-847601519CD3}.Release|Any CPU.Build.0 = Release|Any CPU
		{4507534F-9825-4BFD-BD76-847601519CD3}.Release|Mixed Platforms.ActiveCfg = Release|Any CPU
		{4507534F-9825-4BFD-BD76-847601519CD3}.Release|Mixed Platforms.Build.0 = Release|Any CPU
		{4507534F-9825-4BFD-BD76-847601519CD3}.Release|x86.ActiveCfg = Release|Any CPU
		{A6956125-300B-4279-9419-28D6EA453B1E}.Debug|Any CPU.ActiveCfg = Debug|Any CPU
		{A6956125-300B-4279-9419-28D6EA453B1E}.Debug|Any CPU.Build.0 = Debug|Any CPU
		{A6956125-300B-4279-9419-28D6EA453B1E}.Debug|Mixed Platforms.ActiveCfg = Debug|Any CPU
		{A6956125-300B-4279-9419-28D6EA453B1E}.Debug|Mixed Platforms.Build.0 = Debug|Any CPU
		{A6956125-300B-4279-9419-28D6EA453B1E}.Debug|x86.ActiveCfg = Debug|Any CPU
		{A6956125-300B-4279-9419-28D6EA453B1E}.Release|Any CPU.ActiveCfg = Release|Any CPU
		{A6956125-300B-4279-9419-28D6EA453B1E}.Release|Any CPU.Build.0 = Release|Any CPU
		{A6956125-300B-4279-9419-28D6EA453B1E}.Release|Mixed Platforms.ActiveCfg = Release|Any CPU
		{A6956125-300B-4279-9419-28D6EA453B1E}.Release|Mixed Platforms.Build.0 = Release|Any CPU
		{A6956125-300B-4279-9419-28D6EA453B1E}.Release|x86.ActiveCfg = Release|Any CPU
		{97C5B4A3-C2FB-4EF1-AB02-C37D0E680ED1}.Debug|Any CPU.ActiveCfg = Debug|x86
		{97C5B4A3-C2FB-4EF1-AB02-C37D0E680ED1}.Debug|Mixed Platforms.ActiveCfg = Debug|x86
		{97C5B4A3-C2FB-4EF1-AB02-C37D0E680ED1}.Debug|Mixed Platforms.Build.0 = Debug|x86
		{97C5B4A3-C2FB-4EF1-AB02-C37D0E680ED1}.Debug|x86.ActiveCfg = Debug|x86
		{97C5B4A3-C2FB-4EF1-AB02-C37D0E680ED1}.Debug|x86.Build.0 = Debug|x86
		{97C5B4A3-C2FB-4EF1-AB02-C37D0E680ED1}.Release|Any CPU.ActiveCfg = Release|x86
		{97C5B4A3-C2FB-4EF1-AB02-C37D0E680ED1}.Release|Mixed Platforms.ActiveCfg = Release|x86
		{97C5B4A3-C2FB-4EF1-AB02-C37D0E680ED1}.Release|Mixed Platforms.Build.0 = Release|x86
		{97C5B4A3-C2FB-4EF1-AB02-C37D0E680ED1}.Release|x86.ActiveCfg = Release|x86
		{97C5B4A3-C2FB-4EF1-AB02-C37D0E680ED1}.Release|x86.Build.0 = Release|x86
		{653DE17A-F178-46F8-8E47-2D7586883E32}.Debug|Any CPU.ActiveCfg = Debug|Any CPU
		{653DE17A-F178-46F8-8E47-2D7586883E32}.Debug|Any CPU.Build.0 = Debug|Any CPU
		{653DE17A-F178-46F8-8E47-2D7586883E32}.Debug|Mixed Platforms.ActiveCfg = Debug|Any CPU
		{653DE17A-F178-46F8-8E47-2D7586883E32}.Debug|Mixed Platforms.Build.0 = Debug|Any CPU
		{653DE17A-F178-46F8-8E47-2D7586883E32}.Debug|x86.ActiveCfg = Debug|Any CPU
		{653DE17A-F178-46F8-8E47-2D7586883E32}.Release|Any CPU.ActiveCfg = Release|Any CPU
		{653DE17A-F178-46F8-8E47-2D7586883E32}.Release|Any CPU.Build.0 = Release|Any CPU
		{653DE17A-F178-46F8-8E47-2D7586883E32}.Release|Mixed Platforms.ActiveCfg = Release|Any CPU
		{653DE17A-F178-46F8-8E47-2D7586883E32}.Release|Mixed Platforms.Build.0 = Release|Any CPU
		{653DE17A-F178-46F8-8E47-2D7586883E32}.Release|x86.ActiveCfg = Release|Any CPU
		{A0CB0D6F-8B54-40F4-8BE3-6828AF824FDA}.Debug|Any CPU.ActiveCfg = Debug|Any CPU
		{A0CB0D6F-8B54-40F4-8BE3-6828AF824FDA}.Debug|Any CPU.Build.0 = Debug|Any CPU
		{A0CB0D6F-8B54-40F4-8BE3-6828AF824FDA}.Debug|Mixed Platforms.ActiveCfg = Debug|Any CPU
		{A0CB0D6F-8B54-40F4-8BE3-6828AF824FDA}.Debug|Mixed Platforms.Build.0 = Debug|Any CPU
		{A0CB0D6F-8B54-40F4-8BE3-6828AF824FDA}.Debug|x86.ActiveCfg = Debug|Any CPU
		{A0CB0D6F-8B54-40F4-8BE3-6828AF824FDA}.Debug|x86.Build.0 = Debug|Any CPU
		{A0CB0D6F-8B54-40F4-8BE3-6828AF824FDA}.Release|Any CPU.ActiveCfg = Release|Any CPU
		{A0CB0D6F-8B54-40F4-8BE3-6828AF824FDA}.Release|Any CPU.Build.0 = Release|Any CPU
		{A0CB0D6F-8B54-40F4-8BE3-6828AF824FDA}.Release|Mixed Platforms.ActiveCfg = Release|Any CPU
		{A0CB0D6F-8B54-40F4-8BE3-6828AF824FDA}.Release|Mixed Platforms.Build.0 = Release|Any CPU
		{A0CB0D6F-8B54-40F4-8BE3-6828AF824FDA}.Release|x86.ActiveCfg = Release|Any CPU
		{A0CB0D6F-8B54-40F4-8BE3-6828AF824FDA}.Release|x86.Build.0 = Release|Any CPU
		{11713694-A309-4881-982D-7C7A0E4FD31B}.Debug|Any CPU.ActiveCfg = Debug|Any CPU
		{11713694-A309-4881-982D-7C7A0E4FD31B}.Debug|Any CPU.Build.0 = Debug|Any CPU
		{11713694-A309-4881-982D-7C7A0E4FD31B}.Debug|Mixed Platforms.ActiveCfg = Debug|Any CPU
		{11713694-A309-4881-982D-7C7A0E4FD31B}.Debug|Mixed Platforms.Build.0 = Debug|Any CPU
		{11713694-A309-4881-982D-7C7A0E4FD31B}.Debug|x86.ActiveCfg = Debug|Any CPU
		{11713694-A309-4881-982D-7C7A0E4FD31B}.Debug|x86.Build.0 = Debug|Any CPU
		{11713694-A309-4881-982D-7C7A0E4FD31B}.Release|Any CPU.ActiveCfg = Release|Any CPU
		{11713694-A309-4881-982D-7C7A0E4FD31B}.Release|Any CPU.Build.0 = Release|Any CPU
		{11713694-A309-4881-982D-7C7A0E4FD31B}.Release|Mixed Platforms.ActiveCfg = Release|Any CPU
		{11713694-A309-4881-982D-7C7A0E4FD31B}.Release|Mixed Platforms.Build.0 = Release|Any CPU
		{11713694-A309-4881-982D-7C7A0E4FD31B}.Release|x86.ActiveCfg = Release|Any CPU
		{11713694-A309-4881-982D-7C7A0E4FD31B}.Release|x86.Build.0 = Release|Any CPU
		{1BF4FA67-7344-4E99-A3DB-5928A8077695}.Debug|Any CPU.ActiveCfg = Debug|Any CPU
		{1BF4FA67-7344-4E99-A3DB-5928A8077695}.Debug|Any CPU.Build.0 = Debug|Any CPU
		{1BF4FA67-7344-4E99-A3DB-5928A8077695}.Debug|Mixed Platforms.ActiveCfg = Debug|Any CPU
		{1BF4FA67-7344-4E99-A3DB-5928A8077695}.Debug|Mixed Platforms.Build.0 = Debug|Any CPU
		{1BF4FA67-7344-4E99-A3DB-5928A8077695}.Debug|x86.ActiveCfg = Debug|Any CPU
		{1BF4FA67-7344-4E99-A3DB-5928A8077695}.Debug|x86.Build.0 = Debug|Any CPU
		{1BF4FA67-7344-4E99-A3DB-5928A8077695}.Release|Any CPU.ActiveCfg = Release|Any CPU
		{1BF4FA67-7344-4E99-A3DB-5928A8077695}.Release|Any CPU.Build.0 = Release|Any CPU
		{1BF4FA67-7344-4E99-A3DB-5928A8077695}.Release|Mixed Platforms.ActiveCfg = Release|Any CPU
		{1BF4FA67-7344-4E99-A3DB-5928A8077695}.Release|Mixed Platforms.Build.0 = Release|Any CPU
		{1BF4FA67-7344-4E99-A3DB-5928A8077695}.Release|x86.ActiveCfg = Release|Any CPU
		{1BF4FA67-7344-4E99-A3DB-5928A8077695}.Release|x86.Build.0 = Release|Any CPU
		{FB9367F7-96E6-4DDC-8A33-218266FAB68C}.Debug|Any CPU.ActiveCfg = Debug|Any CPU
		{FB9367F7-96E6-4DDC-8A33-218266FAB68C}.Debug|Any CPU.Build.0 = Debug|Any CPU
		{FB9367F7-96E6-4DDC-8A33-218266FAB68C}.Debug|Mixed Platforms.ActiveCfg = Debug|Any CPU
		{FB9367F7-96E6-4DDC-8A33-218266FAB68C}.Debug|Mixed Platforms.Build.0 = Debug|Any CPU
		{FB9367F7-96E6-4DDC-8A33-218266FAB68C}.Debug|x86.ActiveCfg = Debug|Any CPU
		{FB9367F7-96E6-4DDC-8A33-218266FAB68C}.Debug|x86.Build.0 = Debug|Any CPU
		{FB9367F7-96E6-4DDC-8A33-218266FAB68C}.Release|Any CPU.ActiveCfg = Release|Any CPU
		{FB9367F7-96E6-4DDC-8A33-218266FAB68C}.Release|Any CPU.Build.0 = Release|Any CPU
		{FB9367F7-96E6-4DDC-8A33-218266FAB68C}.Release|Mixed Platforms.ActiveCfg = Release|Any CPU
		{FB9367F7-96E6-4DDC-8A33-218266FAB68C}.Release|Mixed Platforms.Build.0 = Release|Any CPU
		{FB9367F7-96E6-4DDC-8A33-218266FAB68C}.Release|x86.ActiveCfg = Release|Any CPU
		{FB9367F7-96E6-4DDC-8A33-218266FAB68C}.Release|x86.Build.0 = Release|Any CPU
		{8C59004E-C997-4F58-9B6F-ADDC976F4B6D}.Debug|Any CPU.ActiveCfg = Debug|Any CPU
		{8C59004E-C997-4F58-9B6F-ADDC976F4B6D}.Debug|Any CPU.Build.0 = Debug|Any CPU
		{8C59004E-C997-4F58-9B6F-ADDC976F4B6D}.Debug|Mixed Platforms.ActiveCfg = Debug|Any CPU
		{8C59004E-C997-4F58-9B6F-ADDC976F4B6D}.Debug|Mixed Platforms.Build.0 = Debug|Any CPU
		{8C59004E-C997-4F58-9B6F-ADDC976F4B6D}.Debug|x86.ActiveCfg = Debug|Any CPU
		{8C59004E-C997-4F58-9B6F-ADDC976F4B6D}.Debug|x86.Build.0 = Debug|Any CPU
		{8C59004E-C997-4F58-9B6F-ADDC976F4B6D}.Release|Any CPU.ActiveCfg = Release|Any CPU
		{8C59004E-C997-4F58-9B6F-ADDC976F4B6D}.Release|Any CPU.Build.0 = Release|Any CPU
		{8C59004E-C997-4F58-9B6F-ADDC976F4B6D}.Release|Mixed Platforms.ActiveCfg = Release|Any CPU
		{8C59004E-C997-4F58-9B6F-ADDC976F4B6D}.Release|Mixed Platforms.Build.0 = Release|Any CPU
		{8C59004E-C997-4F58-9B6F-ADDC976F4B6D}.Release|x86.ActiveCfg = Release|Any CPU
		{8C59004E-C997-4F58-9B6F-ADDC976F4B6D}.Release|x86.Build.0 = Release|Any CPU
		{03DF5694-BC60-4030-B66E-0304F0A63059}.Debug|Any CPU.ActiveCfg = Debug|Any CPU
		{03DF5694-BC60-4030-B66E-0304F0A63059}.Debug|Any CPU.Build.0 = Debug|Any CPU
		{03DF5694-BC60-4030-B66E-0304F0A63059}.Debug|Mixed Platforms.ActiveCfg = Debug|Any CPU
		{03DF5694-BC60-4030-B66E-0304F0A63059}.Debug|Mixed Platforms.Build.0 = Debug|Any CPU
		{03DF5694-BC60-4030-B66E-0304F0A63059}.Debug|x86.ActiveCfg = Debug|Any CPU
		{03DF5694-BC60-4030-B66E-0304F0A63059}.Debug|x86.Build.0 = Debug|Any CPU
		{03DF5694-BC60-4030-B66E-0304F0A63059}.Release|Any CPU.ActiveCfg = Release|Any CPU
		{03DF5694-BC60-4030-B66E-0304F0A63059}.Release|Any CPU.Build.0 = Release|Any CPU
		{03DF5694-BC60-4030-B66E-0304F0A63059}.Release|Mixed Platforms.ActiveCfg = Release|Any CPU
		{03DF5694-BC60-4030-B66E-0304F0A63059}.Release|Mixed Platforms.Build.0 = Release|Any CPU
		{03DF5694-BC60-4030-B66E-0304F0A63059}.Release|x86.ActiveCfg = Release|Any CPU
		{03DF5694-BC60-4030-B66E-0304F0A63059}.Release|x86.Build.0 = Release|Any CPU
		{35EAA11D-E090-417C-B526-B0C69E064310}.Debug|Any CPU.ActiveCfg = Debug|Any CPU
		{35EAA11D-E090-417C-B526-B0C69E064310}.Debug|Any CPU.Build.0 = Debug|Any CPU
		{35EAA11D-E090-417C-B526-B0C69E064310}.Debug|Mixed Platforms.ActiveCfg = Debug|Any CPU
		{35EAA11D-E090-417C-B526-B0C69E064310}.Debug|Mixed Platforms.Build.0 = Debug|Any CPU
		{35EAA11D-E090-417C-B526-B0C69E064310}.Debug|x86.ActiveCfg = Debug|Any CPU
		{35EAA11D-E090-417C-B526-B0C69E064310}.Debug|x86.Build.0 = Debug|Any CPU
		{35EAA11D-E090-417C-B526-B0C69E064310}.Release|Any CPU.ActiveCfg = Release|Any CPU
		{35EAA11D-E090-417C-B526-B0C69E064310}.Release|Any CPU.Build.0 = Release|Any CPU
		{35EAA11D-E090-417C-B526-B0C69E064310}.Release|Mixed Platforms.ActiveCfg = Release|Any CPU
		{35EAA11D-E090-417C-B526-B0C69E064310}.Release|Mixed Platforms.Build.0 = Release|Any CPU
		{35EAA11D-E090-417C-B526-B0C69E064310}.Release|x86.ActiveCfg = Release|Any CPU
		{35EAA11D-E090-417C-B526-B0C69E064310}.Release|x86.Build.0 = Release|Any CPU
	EndGlobalSection
	GlobalSection(SolutionProperties) = preSolution
		HideSolutionNode = FALSE
	EndGlobalSection
	GlobalSection(NestedProjects) = preSolution
		{EE7A6851-01F8-4201-9868-E48783C4E56C} = {AAD70B5F-0D13-4BD3-8C76-4FE61B8F5AFF}
		{4E7348E4-CF12-4472-9B14-0A901AB0BE27} = {AAD70B5F-0D13-4BD3-8C76-4FE61B8F5AFF}
		{0FE30493-6FA2-4156-B5D5-AEBC52817DFD} = {1C878924-2B9E-4374-AA45-BD1223FCC39A}
		{81FD66E7-ACBA-4EE6-A8F3-32D5E224378E} = {1C878924-2B9E-4374-AA45-BD1223FCC39A}
		{11F18FA6-73AB-4ECB-8F4C-E74A47B7D77C} = {1C878924-2B9E-4374-AA45-BD1223FCC39A}
		{4507534F-9825-4BFD-BD76-847601519CD3} = {1C878924-2B9E-4374-AA45-BD1223FCC39A}
		{A6956125-300B-4279-9419-28D6EA453B1E} = {1C878924-2B9E-4374-AA45-BD1223FCC39A}
		{97C5B4A3-C2FB-4EF1-AB02-C37D0E680ED1} = {6BEE83EA-70D1-4430-972B-BD174F0C976C}
		{653DE17A-F178-46F8-8E47-2D7586883E32} = {CEB31A93-4402-4FBA-B6E5-A71B61E95006}
		{A0CB0D6F-8B54-40F4-8BE3-6828AF824FDA} = {CEB31A93-4402-4FBA-B6E5-A71B61E95006}
		{11713694-A309-4881-982D-7C7A0E4FD31B} = {A091135E-0895-4933-81A3-C060C15A1231}
		{1BF4FA67-7344-4E99-A3DB-5928A8077695} = {A091135E-0895-4933-81A3-C060C15A1231}
		{FB9367F7-96E6-4DDC-8A33-218266FAB68C} = {A091135E-0895-4933-81A3-C060C15A1231}
		{8C59004E-C997-4F58-9B6F-ADDC976F4B6D} = {A091135E-0895-4933-81A3-C060C15A1231}
		{03DF5694-BC60-4030-B66E-0304F0A63059} = {A091135E-0895-4933-81A3-C060C15A1231}
		{35EAA11D-E090-417C-B526-B0C69E064310} = {A091135E-0895-4933-81A3-C060C15A1231}
	EndGlobalSection
EndGlobal
